// !$*UTF8*$!
{
	archiveVersion = 1;
	classes = {
	};
	objectVersion = 46;
	objects = {

/* Begin PBXBuildFile section */
		8035907B1BF8CC740008ADBD /* SettingsWindowController.m in Sources */ = {isa = PBXBuildFile; fileRef = 8035907A1BF8CC740008ADBD /* SettingsWindowController.m */; };
		804313101BF8D2A00001E08D /* SettingsWindowController.xib in Resources */ = {isa = PBXBuildFile; fileRef = 8043130F1BF8D2A00001E08D /* SettingsWindowController.xib */; };
		804BD2CB1BF8DF1300C2DB21 /* LuftSettings.m in Sources */ = {isa = PBXBuildFile; fileRef = 804BD2CA1BF8DF1300C2DB21 /* LuftSettings.m */; };
		D637E0AC1BED246B00A71C48 /* Info.plist in Resources */ = {isa = PBXBuildFile; fileRef = D637E0A71BED246B00A71C48 /* Info.plist */; };
		D637E0AD1BED246B00A71C48 /* Luft.m in Sources */ = {isa = PBXBuildFile; fileRef = D637E0A91BED246B00A71C48 /* Luft.m */; };
		D637E0AE1BED246B00A71C48 /* NSObject_Extension.m in Sources */ = {isa = PBXBuildFile; fileRef = D637E0AB1BED246B00A71C48 /* NSObject_Extension.m */; };
		D637E0B21BED247200A71C48 /* Aspects.m in Sources */ = {isa = PBXBuildFile; fileRef = D637E0B11BED247200A71C48 /* Aspects.m */; };
		D691C0B91BEBDB1500FBE1B7 /* AppKit.framework in Frameworks */ = {isa = PBXBuildFile; fileRef = D691C0B81BEBDB1500FBE1B7 /* AppKit.framework */; };
		D691C0BB1BEBDB1500FBE1B7 /* Foundation.framework in Frameworks */ = {isa = PBXBuildFile; fileRef = D691C0BA1BEBDB1500FBE1B7 /* Foundation.framework */; };
		D6ACBB091BF8CED2004C8164 /* IDESourceCodeEditor+Luft.m in Sources */ = {isa = PBXBuildFile; fileRef = D6ACBB081BF8CED2004C8164 /* IDESourceCodeEditor+Luft.m */; };
		D6ACBB111BF8D2A5004C8164 /* IDESourceEditor in Frameworks */ = {isa = PBXBuildFile; fileRef = D6ACBB101BF8D2A4004C8164 /* IDESourceEditor */; };
/* End PBXBuildFile section */

/* Begin PBXFileReference section */
		803590791BF8CC740008ADBD /* SettingsWindowController.h */ = {isa = PBXFileReference; fileEncoding = 4; lastKnownFileType = sourcecode.c.h; name = SettingsWindowController.h; path = Luft/Settings/SettingsWindowController.h; sourceTree = SOURCE_ROOT; };
		8035907A1BF8CC740008ADBD /* SettingsWindowController.m */ = {isa = PBXFileReference; fileEncoding = 4; lastKnownFileType = sourcecode.c.objc; name = SettingsWindowController.m; path = Luft/Settings/SettingsWindowController.m; sourceTree = SOURCE_ROOT; };
		8043130F1BF8D2A00001E08D /* SettingsWindowController.xib */ = {isa = PBXFileReference; fileEncoding = 4; lastKnownFileType = file.xib; path = SettingsWindowController.xib; sourceTree = "<group>"; };
		804BD2C91BF8DF1300C2DB21 /* LuftSettings.h */ = {isa = PBXFileReference; fileEncoding = 4; lastKnownFileType = sourcecode.c.h; name = LuftSettings.h; path = Luft/Settings/LuftSettings.h; sourceTree = SOURCE_ROOT; };
		804BD2CA1BF8DF1300C2DB21 /* LuftSettings.m */ = {isa = PBXFileReference; fileEncoding = 4; lastKnownFileType = sourcecode.c.objc; name = LuftSettings.m; path = Luft/Settings/LuftSettings.m; sourceTree = SOURCE_ROOT; };
		D637E0A71BED246B00A71C48 /* Info.plist */ = {isa = PBXFileReference; fileEncoding = 4; lastKnownFileType = text.plist.xml; path = Info.plist; sourceTree = "<group>"; };
		D637E0A81BED246B00A71C48 /* Luft.h */ = {isa = PBXFileReference; fileEncoding = 4; lastKnownFileType = sourcecode.c.h; path = Luft.h; sourceTree = "<group>"; };
		D637E0A91BED246B00A71C48 /* Luft.m */ = {isa = PBXFileReference; fileEncoding = 4; lastKnownFileType = sourcecode.c.objc; path = Luft.m; sourceTree = "<group>"; };
		D637E0AA1BED246B00A71C48 /* NSObject_Extension.h */ = {isa = PBXFileReference; fileEncoding = 4; lastKnownFileType = sourcecode.c.h; path = NSObject_Extension.h; sourceTree = "<group>"; };
		D637E0AB1BED246B00A71C48 /* NSObject_Extension.m */ = {isa = PBXFileReference; fileEncoding = 4; lastKnownFileType = sourcecode.c.objc; path = NSObject_Extension.m; sourceTree = "<group>"; };
		D637E0B01BED247200A71C48 /* Aspects.h */ = {isa = PBXFileReference; fileEncoding = 4; lastKnownFileType = sourcecode.c.h; path = Aspects.h; sourceTree = "<group>"; };
		D637E0B11BED247200A71C48 /* Aspects.m */ = {isa = PBXFileReference; fileEncoding = 4; lastKnownFileType = sourcecode.c.objc; path = Aspects.m; sourceTree = "<group>"; };
		D691C0B51BEBDB1500FBE1B7 /* Luft.xcplugin */ = {isa = PBXFileReference; explicitFileType = wrapper.cfbundle; includeInIndex = 0; path = Luft.xcplugin; sourceTree = BUILT_PRODUCTS_DIR; };
		D691C0B81BEBDB1500FBE1B7 /* AppKit.framework */ = {isa = PBXFileReference; lastKnownFileType = wrapper.framework; name = AppKit.framework; path = /System/Library/Frameworks/AppKit.framework; sourceTree = "<absolute>"; };
		D691C0BA1BEBDB1500FBE1B7 /* Foundation.framework */ = {isa = PBXFileReference; lastKnownFileType = wrapper.framework; name = Foundation.framework; path = /System/Library/Frameworks/Foundation.framework; sourceTree = "<absolute>"; };
		D6ACBB011BF7C8AF004C8164 /* DVTSourceTextView.h */ = {isa = PBXFileReference; fileEncoding = 4; lastKnownFileType = sourcecode.c.h; path = DVTSourceTextView.h; sourceTree = "<group>"; };
		D6ACBB021BF7C8AF004C8164 /* IDESourceCodeDocument.h */ = {isa = PBXFileReference; fileEncoding = 4; lastKnownFileType = sourcecode.c.h; path = IDESourceCodeDocument.h; sourceTree = "<group>"; };
		D6ACBB031BF7C8AF004C8164 /* IDESourceCodeEditor.h */ = {isa = PBXFileReference; fileEncoding = 4; lastKnownFileType = sourcecode.c.h; path = IDESourceCodeEditor.h; sourceTree = "<group>"; };
		D6ACBB041BF7C975004C8164 /* DVTCompletingTextView.h */ = {isa = PBXFileReference; fileEncoding = 4; lastKnownFileType = sourcecode.c.h; path = DVTCompletingTextView.h; sourceTree = "<group>"; };
		D6ACBB051BF7C996004C8164 /* DVTTextView.h */ = {isa = PBXFileReference; fileEncoding = 4; lastKnownFileType = sourcecode.c.h; path = DVTTextView.h; sourceTree = "<group>"; };
		D6ACBB061BF7CC55004C8164 /* IDEEditorDocument.h */ = {isa = PBXFileReference; fileEncoding = 4; lastKnownFileType = sourcecode.c.h; path = IDEEditorDocument.h; sourceTree = "<group>"; };
		D6ACBB071BF8CED2004C8164 /* IDESourceCodeEditor+Luft.h */ = {isa = PBXFileReference; fileEncoding = 4; lastKnownFileType = sourcecode.c.h; path = "IDESourceCodeEditor+Luft.h"; sourceTree = "<group>"; };
		D6ACBB081BF8CED2004C8164 /* IDESourceCodeEditor+Luft.m */ = {isa = PBXFileReference; fileEncoding = 4; lastKnownFileType = sourcecode.c.objc; path = "IDESourceCodeEditor+Luft.m"; sourceTree = "<group>"; };
		D6ACBB0A1BF8CFD0004C8164 /* IDEEditor.h */ = {isa = PBXFileReference; fileEncoding = 4; lastKnownFileType = sourcecode.c.h; path = IDEEditor.h; sourceTree = "<group>"; };
		D6ACBB0B1BF8CFF9004C8164 /* IDEViewController.h */ = {isa = PBXFileReference; fileEncoding = 4; lastKnownFileType = sourcecode.c.h; path = IDEViewController.h; sourceTree = "<group>"; };
		D6ACBB0C1BF8D022004C8164 /* DVTViewController.h */ = {isa = PBXFileReference; fileEncoding = 4; lastKnownFileType = sourcecode.c.h; path = DVTViewController.h; sourceTree = "<group>"; };
		D6ACBB101BF8D2A4004C8164 /* IDESourceEditor */ = {isa = PBXFileReference; lastKnownFileType = "compiled.mach-o.dylib"; name = IDESourceEditor; path =     ../PlugIns/IDESourceEditor.ideplugin/Contents/MacOS/IDESourceEditor; sourceTree = DEVELOPER_DIR; };
/* End PBXFileReference section */

/* Begin PBXFrameworksBuildPhase section */
		D691C0B31BEBDB1400FBE1B7 /* Frameworks */ = {
			isa = PBXFrameworksBuildPhase;
			buildActionMask = 2147483647;
			files = (
				D691C0B91BEBDB1500FBE1B7 /* AppKit.framework in Frameworks */,
				D691C0BB1BEBDB1500FBE1B7 /* Foundation.framework in Frameworks */,
				D6ACBB111BF8D2A5004C8164 /* IDESourceEditor in Frameworks */,
			);
			runOnlyForDeploymentPostprocessing = 0;
		};
/* End PBXFrameworksBuildPhase section */

/* Begin PBXGroup section */
		803590781BF8CBDC0008ADBD /* Settings */ = {
			isa = PBXGroup;
			children = (
				804BD2C91BF8DF1300C2DB21 /* LuftSettings.h */,
				804BD2CA1BF8DF1300C2DB21 /* LuftSettings.m */,
				803590791BF8CC740008ADBD /* SettingsWindowController.h */,
				8035907A1BF8CC740008ADBD /* SettingsWindowController.m */,
				8043130F1BF8D2A00001E08D /* SettingsWindowController.xib */,
			);
			name = Settings;
			path = settings;
			sourceTree = "<group>";
		};
		D637E0A61BED246B00A71C48 /* Luft */ = {
			isa = PBXGroup;
			children = (
				D637E0A71BED246B00A71C48 /* Info.plist */,
				D637E0A81BED246B00A71C48 /* Luft.h */,
				D637E0A91BED246B00A71C48 /* Luft.m */,
				D637E0AA1BED246B00A71C48 /* NSObject_Extension.h */,
				D637E0AB1BED246B00A71C48 /* NSObject_Extension.m */,
				D6ACBB071BF8CED2004C8164 /* IDESourceCodeEditor+Luft.h */,
				D6ACBB081BF8CED2004C8164 /* IDESourceCodeEditor+Luft.m */,
				803590781BF8CBDC0008ADBD /* Settings */,
			);
			path = Luft;
			sourceTree = "<group>";
		};
		D637E0AF1BED247200A71C48 /* contrib */ = {
			isa = PBXGroup;
			children = (
				D637E0B01BED247200A71C48 /* Aspects.h */,
				D637E0B11BED247200A71C48 /* Aspects.m */,
			);
			path = contrib;
			sourceTree = "<group>";
		};
		D691C0AC1BEBDB1400FBE1B7 = {
			isa = PBXGroup;
			children = (
				D6ACBB001BF7C8AF004C8164 /* Xcode Headers */,
				D637E0AF1BED247200A71C48 /* contrib */,
				D637E0A61BED246B00A71C48 /* Luft */,
				D691C0B71BEBDB1500FBE1B7 /* Frameworks */,
				D691C0B61BEBDB1500FBE1B7 /* Products */,
			);
			sourceTree = "<group>";
		};
		D691C0B61BEBDB1500FBE1B7 /* Products */ = {
			isa = PBXGroup;
			children = (
				D691C0B51BEBDB1500FBE1B7 /* Luft.xcplugin */,
			);
			name = Products;
			sourceTree = "<group>";
		};
		D691C0B71BEBDB1500FBE1B7 /* Frameworks */ = {
			isa = PBXGroup;
			children = (
				D6ACBB101BF8D2A4004C8164 /* IDESourceEditor */,
				D691C0B81BEBDB1500FBE1B7 /* AppKit.framework */,
				D691C0BA1BEBDB1500FBE1B7 /* Foundation.framework */,
			);
			name = Frameworks;
			sourceTree = "<group>";
		};
		D6ACBB001BF7C8AF004C8164 /* Xcode Headers */ = {
			isa = PBXGroup;
			children = (
				D6ACBB0C1BF8D022004C8164 /* DVTViewController.h */,
				D6ACBB0B1BF8CFF9004C8164 /* IDEViewController.h */,
				D6ACBB0A1BF8CFD0004C8164 /* IDEEditor.h */,
				D6ACBB061BF7CC55004C8164 /* IDEEditorDocument.h */,
				D6ACBB051BF7C996004C8164 /* DVTTextView.h */,
				D6ACBB041BF7C975004C8164 /* DVTCompletingTextView.h */,
				D6ACBB011BF7C8AF004C8164 /* DVTSourceTextView.h */,
				D6ACBB021BF7C8AF004C8164 /* IDESourceCodeDocument.h */,
				D6ACBB031BF7C8AF004C8164 /* IDESourceCodeEditor.h */,
			);
			path = "Xcode Headers";
			sourceTree = "<group>";
		};
/* End PBXGroup section */

/* Begin PBXNativeTarget section */
		D691C0B41BEBDB1400FBE1B7 /* Luft */ = {
			isa = PBXNativeTarget;
			buildConfigurationList = D691C0C91BEBDB1500FBE1B7 /* Build configuration list for PBXNativeTarget "Luft" */;
			buildPhases = (
				D691C0B11BEBDB1400FBE1B7 /* Sources */,
				D691C0B21BEBDB1400FBE1B7 /* Resources */,
				D691C0B31BEBDB1400FBE1B7 /* Frameworks */,
			);
			buildRules = (
			);
			dependencies = (
			);
			name = Luft;
			productName = Luft;
			productReference = D691C0B51BEBDB1500FBE1B7 /* Luft.xcplugin */;
			productType = "com.apple.product-type.bundle";
		};
/* End PBXNativeTarget section */

/* Begin PBXProject section */
		D691C0AD1BEBDB1400FBE1B7 /* Project object */ = {
			isa = PBXProject;
			attributes = {
				LastUpgradeCheck = 0710;
				ORGANIZATIONNAME = "Hugo Tunius";
				TargetAttributes = {
					D691C0B41BEBDB1400FBE1B7 = {
						CreatedOnToolsVersion = 7.0;
					};
				};
			};
			buildConfigurationList = D691C0B01BEBDB1400FBE1B7 /* Build configuration list for PBXProject "Luft" */;
			compatibilityVersion = "Xcode 3.2";
			developmentRegion = English;
			hasScannedForEncodings = 0;
			knownRegions = (
				en,
			);
			mainGroup = D691C0AC1BEBDB1400FBE1B7;
			productRefGroup = D691C0B61BEBDB1500FBE1B7 /* Products */;
			projectDirPath = "";
			projectRoot = "";
			targets = (
				D691C0B41BEBDB1400FBE1B7 /* Luft */,
			);
		};
/* End PBXProject section */

/* Begin PBXResourcesBuildPhase section */
		D691C0B21BEBDB1400FBE1B7 /* Resources */ = {
			isa = PBXResourcesBuildPhase;
			buildActionMask = 2147483647;
			files = (
				D637E0AC1BED246B00A71C48 /* Info.plist in Resources */,
				804313101BF8D2A00001E08D /* SettingsWindowController.xib in Resources */,
			);
			runOnlyForDeploymentPostprocessing = 0;
		};
/* End PBXResourcesBuildPhase section */

/* Begin PBXSourcesBuildPhase section */
		D691C0B11BEBDB1400FBE1B7 /* Sources */ = {
			isa = PBXSourcesBuildPhase;
			buildActionMask = 2147483647;
			files = (
				D6ACBB091BF8CED2004C8164 /* IDESourceCodeEditor+Luft.m in Sources */,
				804BD2CB1BF8DF1300C2DB21 /* LuftSettings.m in Sources */,
				D637E0AD1BED246B00A71C48 /* Luft.m in Sources */,
				D637E0AE1BED246B00A71C48 /* NSObject_Extension.m in Sources */,
				8035907B1BF8CC740008ADBD /* SettingsWindowController.m in Sources */,
				D637E0B21BED247200A71C48 /* Aspects.m in Sources */,
			);
			runOnlyForDeploymentPostprocessing = 0;
		};
/* End PBXSourcesBuildPhase section */

/* Begin XCBuildConfiguration section */
		D691C0C71BEBDB1500FBE1B7 /* Debug */ = {
			isa = XCBuildConfiguration;
			buildSettings = {
				ALWAYS_SEARCH_USER_PATHS = NO;
				CLANG_CXX_LANGUAGE_STANDARD = "gnu++0x";
				CLANG_CXX_LIBRARY = "libc++";
				CLANG_ENABLE_MODULES = YES;
				CLANG_ENABLE_OBJC_ARC = YES;
				CLANG_WARN_BOOL_CONVERSION = YES;
				CLANG_WARN_CONSTANT_CONVERSION = YES;
				CLANG_WARN_DIRECT_OBJC_ISA_USAGE = YES_ERROR;
				CLANG_WARN_EMPTY_BODY = YES;
				CLANG_WARN_ENUM_CONVERSION = YES;
				CLANG_WARN_INT_CONVERSION = YES;
				CLANG_WARN_OBJC_ROOT_CLASS = YES_ERROR;
				CLANG_WARN_UNREACHABLE_CODE = YES;
				CLANG_WARN__DUPLICATE_METHOD_MATCH = YES;
				COPY_PHASE_STRIP = NO;
				DEBUG_INFORMATION_FORMAT = dwarf;
				ENABLE_STRICT_OBJC_MSGSEND = YES;
				ENABLE_TESTABILITY = YES;
				GCC_C_LANGUAGE_STANDARD = gnu99;
				GCC_DYNAMIC_NO_PIC = NO;
				GCC_NO_COMMON_BLOCKS = YES;
				GCC_OPTIMIZATION_LEVEL = 0;
				GCC_PREPROCESSOR_DEFINITIONS = (
					"DEBUG=1",
					"$(inherited)",
				);
				GCC_WARN_64_TO_32_BIT_CONVERSION = YES;
				GCC_WARN_ABOUT_RETURN_TYPE = YES_ERROR;
				GCC_WARN_UNDECLARED_SELECTOR = YES;
				GCC_WARN_UNINITIALIZED_AUTOS = YES_AGGRESSIVE;
				GCC_WARN_UNUSED_FUNCTION = YES;
				GCC_WARN_UNUSED_VARIABLE = YES;
				MTL_ENABLE_DEBUG_INFO = YES;
				ONLY_ACTIVE_ARCH = YES;
			};
			name = Debug;
		};
		D691C0C81BEBDB1500FBE1B7 /* Release */ = {
			isa = XCBuildConfiguration;
			buildSettings = {
				ALWAYS_SEARCH_USER_PATHS = NO;
				CLANG_CXX_LANGUAGE_STANDARD = "gnu++0x";
				CLANG_CXX_LIBRARY = "libc++";
				CLANG_ENABLE_MODULES = YES;
				CLANG_ENABLE_OBJC_ARC = YES;
				CLANG_WARN_BOOL_CONVERSION = YES;
				CLANG_WARN_CONSTANT_CONVERSION = YES;
				CLANG_WARN_DIRECT_OBJC_ISA_USAGE = YES_ERROR;
				CLANG_WARN_EMPTY_BODY = YES;
				CLANG_WARN_ENUM_CONVERSION = YES;
				CLANG_WARN_INT_CONVERSION = YES;
				CLANG_WARN_OBJC_ROOT_CLASS = YES_ERROR;
				CLANG_WARN_UNREACHABLE_CODE = YES;
				CLANG_WARN__DUPLICATE_METHOD_MATCH = YES;
				COPY_PHASE_STRIP = NO;
				DEBUG_INFORMATION_FORMAT = "dwarf-with-dsym";
				ENABLE_NS_ASSERTIONS = NO;
				ENABLE_STRICT_OBJC_MSGSEND = YES;
				GCC_C_LANGUAGE_STANDARD = gnu99;
				GCC_NO_COMMON_BLOCKS = YES;
				GCC_WARN_64_TO_32_BIT_CONVERSION = YES;
				GCC_WARN_ABOUT_RETURN_TYPE = YES_ERROR;
				GCC_WARN_UNDECLARED_SELECTOR = YES;
				GCC_WARN_UNINITIALIZED_AUTOS = YES_AGGRESSIVE;
				GCC_WARN_UNUSED_FUNCTION = YES;
				GCC_WARN_UNUSED_VARIABLE = YES;
				MTL_ENABLE_DEBUG_INFO = NO;
			};
			name = Release;
		};
		D691C0CA1BEBDB1500FBE1B7 /* Debug */ = {
			isa = XCBuildConfiguration;
			buildSettings = {
				COMBINE_HIDPI_IMAGES = YES;
				DEPLOYMENT_LOCATION = YES;
				DSTROOT = "$(HOME)";
				GCC_TREAT_WARNINGS_AS_ERRORS = NO;
				INFOPLIST_FILE = Luft/Info.plist;
				INSTALL_PATH = "/Library/Application Support/Developer/Shared/Xcode/Plug-ins";
				MACOSX_DEPLOYMENT_TARGET = 10.11;
				PRODUCT_BUNDLE_IDENTIFIER = org.hugotunius.Luft;
				PRODUCT_NAME = "$(TARGET_NAME)";
				WRAPPER_EXTENSION = xcplugin;
			};
			name = Debug;
		};
		D691C0CB1BEBDB1500FBE1B7 /* Release */ = {
			isa = XCBuildConfiguration;
			buildSettings = {
				COMBINE_HIDPI_IMAGES = YES;
				DEPLOYMENT_LOCATION = YES;
				DSTROOT = "$(HOME)";
				GCC_TREAT_WARNINGS_AS_ERRORS = NO;
				INFOPLIST_FILE = Luft/Info.plist;
				INSTALL_PATH = "/Library/Application Support/Developer/Shared/Xcode/Plug-ins";
				MACOSX_DEPLOYMENT_TARGET = 10.11;
				PRODUCT_BUNDLE_IDENTIFIER = org.hugotunius.Luft;
				PRODUCT_NAME = "$(TARGET_NAME)";
				WRAPPER_EXTENSION = xcplugin;
			};
			name = Release;
		};
/* End XCBuildConfiguration section */

/* Begin XCConfigurationList section */
		D691C0B01BEBDB1400FBE1B7 /* Build configuration list for PBXProject "Luft" */ = {
			isa = XCConfigurationList;
			buildConfigurations = (
				D691C0C71BEBDB1500FBE1B7 /* Debug */,
				D691C0C81BEBDB1500FBE1B7 /* Release */,
			);
			defaultConfigurationIsVisible = 0;
			defaultConfigurationName = Release;
		};
		D691C0C91BEBDB1500FBE1B7 /* Build configuration list for PBXNativeTarget "Luft" */ = {
			isa = XCConfigurationList;
			buildConfigurations = (
				D691C0CA1BEBDB1500FBE1B7 /* Debug */,
				D691C0CB1BEBDB1500FBE1B7 /* Release */,
			);
			defaultConfigurationIsVisible = 0;
			defaultConfigurationName = Release;
		};
/* End XCConfigurationList section */
	};
	rootObject = D691C0AD1BEBDB1400FBE1B7 /* Project object */;
}
