// !$*UTF8*$!
{
	archiveVersion = 1;
	classes = {
	};
	objectVersion = 46;
	objects = {

/* Begin PBXBuildFile section */
		D691C0B91BEBDB1500FBE1B7 /* AppKit.framework in Frameworks */ = {isa = PBXBuildFile; fileRef = D691C0B81BEBDB1500FBE1B7 /* AppKit.framework */; settings = {ASSET_TAGS = (); }; };
		D691C0BB1BEBDB1500FBE1B7 /* Foundation.framework in Frameworks */ = {isa = PBXBuildFile; fileRef = D691C0BA1BEBDB1500FBE1B7 /* Foundation.framework */; settings = {ASSET_TAGS = (); }; };
		D691C0BF1BEBDB1500FBE1B7 /* LightViewControllers.xcscheme in Resources */ = {isa = PBXBuildFile; fileRef = D691C0BE1BEBDB1500FBE1B7 /* LightViewControllers.xcscheme */; };
		D691C0C21BEBDB1500FBE1B7 /* LightViewControllers.m in Sources */ = {isa = PBXBuildFile; fileRef = D691C0C11BEBDB1500FBE1B7 /* LightViewControllers.m */; };
		D691C0C51BEBDB1500FBE1B7 /* NSObject_Extension.m in Sources */ = {isa = PBXBuildFile; fileRef = D691C0C41BEBDB1500FBE1B7 /* NSObject_Extension.m */; };
		D691C0CF1BEBE05200FBE1B7 /* Aspects.m in Sources */ = {isa = PBXBuildFile; fileRef = D691C0CE1BEBE05200FBE1B7 /* Aspects.m */; settings = {ASSET_TAGS = (); }; };
/* End PBXBuildFile section */

/* Begin PBXFileReference section */
		D691C0B51BEBDB1500FBE1B7 /* LightViewControllers.xcplugin */ = {isa = PBXFileReference; explicitFileType = wrapper.cfbundle; includeInIndex = 0; path = LightViewControllers.xcplugin; sourceTree = BUILT_PRODUCTS_DIR; };
		D691C0B81BEBDB1500FBE1B7 /* AppKit.framework */ = {isa = PBXFileReference; lastKnownFileType = wrapper.framework; name = AppKit.framework; path = /System/Library/Frameworks/AppKit.framework; sourceTree = "<absolute>"; };
		D691C0BA1BEBDB1500FBE1B7 /* Foundation.framework */ = {isa = PBXFileReference; lastKnownFileType = wrapper.framework; name = Foundation.framework; path = /System/Library/Frameworks/Foundation.framework; sourceTree = "<absolute>"; };
		D691C0BE1BEBDB1500FBE1B7 /* LightViewControllers.xcscheme */ = {isa = PBXFileReference; lastKnownFileType = text.xml; name = LightViewControllers.xcscheme; path = LightViewControllers.xcodeproj/xcshareddata/xcschemes/LightViewControllers.xcscheme; sourceTree = SOURCE_ROOT; };
		D691C0C01BEBDB1500FBE1B7 /* LightViewControllers.h */ = {isa = PBXFileReference; lastKnownFileType = sourcecode.c.h; path = LightViewControllers.h; sourceTree = "<group>"; };
		D691C0C11BEBDB1500FBE1B7 /* LightViewControllers.m */ = {isa = PBXFileReference; lastKnownFileType = sourcecode.c.objc; path = LightViewControllers.m; sourceTree = "<group>"; };
		D691C0C31BEBDB1500FBE1B7 /* NSObject_Extension.h */ = {isa = PBXFileReference; lastKnownFileType = sourcecode.c.h; path = NSObject_Extension.h; sourceTree = "<group>"; };
		D691C0C41BEBDB1500FBE1B7 /* NSObject_Extension.m */ = {isa = PBXFileReference; lastKnownFileType = sourcecode.c.objc; path = NSObject_Extension.m; sourceTree = "<group>"; };
		D691C0C61BEBDB1500FBE1B7 /* Info.plist */ = {isa = PBXFileReference; lastKnownFileType = text.plist.xml; path = Info.plist; sourceTree = "<group>"; };
		D691C0CD1BEBE05200FBE1B7 /* Aspects.h */ = {isa = PBXFileReference; fileEncoding = 4; lastKnownFileType = sourcecode.c.h; path = Aspects.h; sourceTree = "<group>"; };
		D691C0CE1BEBE05200FBE1B7 /* Aspects.m */ = {isa = PBXFileReference; fileEncoding = 4; lastKnownFileType = sourcecode.c.objc; path = Aspects.m; sourceTree = "<group>"; };
/* End PBXFileReference section */

/* Begin PBXFrameworksBuildPhase section */
		D691C0B31BEBDB1400FBE1B7 /* Frameworks */ = {
			isa = PBXFrameworksBuildPhase;
			buildActionMask = 2147483647;
			files = (
				D691C0B91BEBDB1500FBE1B7 /* AppKit.framework in Frameworks */,
				D691C0BB1BEBDB1500FBE1B7 /* Foundation.framework in Frameworks */,
			);
			runOnlyForDeploymentPostprocessing = 0;
		};
/* End PBXFrameworksBuildPhase section */

/* Begin PBXGroup section */
		D691C0AC1BEBDB1400FBE1B7 = {
			isa = PBXGroup;
			children = (
				D691C0BC1BEBDB1500FBE1B7 /* LightViewControllers */,
				D691C0B71BEBDB1500FBE1B7 /* Frameworks */,
				D691C0B61BEBDB1500FBE1B7 /* Products */,
			);
			sourceTree = "<group>";
		};
		D691C0B61BEBDB1500FBE1B7 /* Products */ = {
			isa = PBXGroup;
			children = (
				D691C0B51BEBDB1500FBE1B7 /* LightViewControllers.xcplugin */,
			);
			name = Products;
			sourceTree = "<group>";
		};
		D691C0B71BEBDB1500FBE1B7 /* Frameworks */ = {
			isa = PBXGroup;
			children = (
				D691C0B81BEBDB1500FBE1B7 /* AppKit.framework */,
				D691C0BA1BEBDB1500FBE1B7 /* Foundation.framework */,
			);
			name = Frameworks;
			sourceTree = "<group>";
		};
		D691C0BC1BEBDB1500FBE1B7 /* LightViewControllers */ = {
			isa = PBXGroup;
			children = (
				D691C0CC1BEBE05200FBE1B7 /* contrib */,
				D691C0C01BEBDB1500FBE1B7 /* LightViewControllers.h */,
				D691C0C11BEBDB1500FBE1B7 /* LightViewControllers.m */,
				D691C0C31BEBDB1500FBE1B7 /* NSObject_Extension.h */,
				D691C0C41BEBDB1500FBE1B7 /* NSObject_Extension.m */,
				D691C0C61BEBDB1500FBE1B7 /* Info.plist */,
				D691C0BD1BEBDB1500FBE1B7 /* Supporting Files */,
			);
			path = LightViewControllers;
			sourceTree = "<group>";
		};
		D691C0BD1BEBDB1500FBE1B7 /* Supporting Files */ = {
			isa = PBXGroup;
			children = (
				D691C0BE1BEBDB1500FBE1B7 /* LightViewControllers.xcscheme */,
			);
			name = "Supporting Files";
			sourceTree = "<group>";
		};
		D691C0CC1BEBE05200FBE1B7 /* contrib */ = {
			isa = PBXGroup;
			children = (
				D691C0CD1BEBE05200FBE1B7 /* Aspects.h */,
				D691C0CE1BEBE05200FBE1B7 /* Aspects.m */,
			);
			path = contrib;
			sourceTree = SOURCE_ROOT;
		};
/* End PBXGroup section */

/* Begin PBXNativeTarget section */
		D691C0B41BEBDB1400FBE1B7 /* LightViewControllers */ = {
			isa = PBXNativeTarget;
			buildConfigurationList = D691C0C91BEBDB1500FBE1B7 /* Build configuration list for PBXNativeTarget "LightViewControllers" */;
			buildPhases = (
				D691C0B11BEBDB1400FBE1B7 /* Sources */,
				D691C0B21BEBDB1400FBE1B7 /* Resources */,
				D691C0B31BEBDB1400FBE1B7 /* Frameworks */,
			);
			buildRules = (
			);
			dependencies = (
			);
			name = LightViewControllers;
			productName = LightViewControllers;
			productReference = D691C0B51BEBDB1500FBE1B7 /* LightViewControllers.xcplugin */;
			productType = "com.apple.product-type.bundle";
		};
/* End PBXNativeTarget section */

/* Begin PBXProject section */
		D691C0AD1BEBDB1400FBE1B7 /* Project object */ = {
			isa = PBXProject;
			attributes = {
				LastUpgradeCheck = 0700;
				ORGANIZATIONNAME = "Hugo Tunius";
				TargetAttributes = {
					D691C0B41BEBDB1400FBE1B7 = {
						CreatedOnToolsVersion = 7.0;
					};
				};
			};
			buildConfigurationList = D691C0B01BEBDB1400FBE1B7 /* Build configuration list for PBXProject "LightViewControllers" */;
			compatibilityVersion = "Xcode 3.2";
			developmentRegion = English;
			hasScannedForEncodings = 0;
			knownRegions = (
				en,
			);
			mainGroup = D691C0AC1BEBDB1400FBE1B7;
			productRefGroup = D691C0B61BEBDB1500FBE1B7 /* Products */;
			projectDirPath = "";
			projectRoot = "";
			targets = (
				D691C0B41BEBDB1400FBE1B7 /* LightViewControllers */,
			);
		};
/* End PBXProject section */

/* Begin PBXResourcesBuildPhase section */
		D691C0B21BEBDB1400FBE1B7 /* Resources */ = {
			isa = PBXResourcesBuildPhase;
			buildActionMask = 2147483647;
			files = (
				D691C0BF1BEBDB1500FBE1B7 /* LightViewControllers.xcscheme in Resources */,
			);
			runOnlyForDeploymentPostprocessing = 0;
		};
/* End PBXResourcesBuildPhase section */

/* Begin PBXSourcesBuildPhase section */
		D691C0B11BEBDB1400FBE1B7 /* Sources */ = {
			isa = PBXSourcesBuildPhase;
			buildActionMask = 2147483647;
			files = (
				D691C0C21BEBDB1500FBE1B7 /* LightViewControllers.m in Sources */,
				D691C0C51BEBDB1500FBE1B7 /* NSObject_Extension.m in Sources */,
				D691C0CF1BEBE05200FBE1B7 /* Aspects.m in Sources */,
			);
			runOnlyForDeploymentPostprocessing = 0;
		};
/* End PBXSourcesBuildPhase section */

/* Begin XCBuildConfiguration section */
		D691C0C71BEBDB1500FBE1B7 /* Debug */ = {
			isa = XCBuildConfiguration;
			buildSettings = {
				ALWAYS_SEARCH_USER_PATHS = NO;
				CLANG_CXX_LANGUAGE_STANDARD = "gnu++0x";
				CLANG_CXX_LIBRARY = "libc++";
				CLANG_ENABLE_MODULES = YES;
				CLANG_ENABLE_OBJC_ARC = YES;
				CLANG_WARN_BOOL_CONVERSION = YES;
				CLANG_WARN_CONSTANT_CONVERSION = YES;
				CLANG_WARN_DIRECT_OBJC_ISA_USAGE = YES_ERROR;
				CLANG_WARN_EMPTY_BODY = YES;
				CLANG_WARN_ENUM_CONVERSION = YES;
				CLANG_WARN_INT_CONVERSION = YES;
				CLANG_WARN_OBJC_ROOT_CLASS = YES_ERROR;
				CLANG_WARN_UNREACHABLE_CODE = YES;
				CLANG_WARN__DUPLICATE_METHOD_MATCH = YES;
				COPY_PHASE_STRIP = NO;
				DEBUG_INFORMATION_FORMAT = dwarf;
				ENABLE_STRICT_OBJC_MSGSEND = YES;
				ENABLE_TESTABILITY = YES;
				GCC_C_LANGUAGE_STANDARD = gnu99;
				GCC_DYNAMIC_NO_PIC = NO;
				GCC_NO_COMMON_BLOCKS = YES;
				GCC_OPTIMIZATION_LEVEL = 0;
				GCC_PREPROCESSOR_DEFINITIONS = (
					"DEBUG=1",
					"$(inherited)",
				);
				GCC_WARN_64_TO_32_BIT_CONVERSION = YES;
				GCC_WARN_ABOUT_RETURN_TYPE = YES_ERROR;
				GCC_WARN_UNDECLARED_SELECTOR = YES;
				GCC_WARN_UNINITIALIZED_AUTOS = YES_AGGRESSIVE;
				GCC_WARN_UNUSED_FUNCTION = YES;
				GCC_WARN_UNUSED_VARIABLE = YES;
				MTL_ENABLE_DEBUG_INFO = YES;
				ONLY_ACTIVE_ARCH = YES;
			};
			name = Debug;
		};
		D691C0C81BEBDB1500FBE1B7 /* Release */ = {
			isa = XCBuildConfiguration;
			buildSettings = {
				ALWAYS_SEARCH_USER_PATHS = NO;
				CLANG_CXX_LANGUAGE_STANDARD = "gnu++0x";
				CLANG_CXX_LIBRARY = "libc++";
				CLANG_ENABLE_MODULES = YES;
				CLANG_ENABLE_OBJC_ARC = YES;
				CLANG_WARN_BOOL_CONVERSION = YES;
				CLANG_WARN_CONSTANT_CONVERSION = YES;
				CLANG_WARN_DIRECT_OBJC_ISA_USAGE = YES_ERROR;
				CLANG_WARN_EMPTY_BODY = YES;
				CLANG_WARN_ENUM_CONVERSION = YES;
				CLANG_WARN_INT_CONVERSION = YES;
				CLANG_WARN_OBJC_ROOT_CLASS = YES_ERROR;
				CLANG_WARN_UNREACHABLE_CODE = YES;
				CLANG_WARN__DUPLICATE_METHOD_MATCH = YES;
				COPY_PHASE_STRIP = NO;
				DEBUG_INFORMATION_FORMAT = "dwarf-with-dsym";
				ENABLE_NS_ASSERTIONS = NO;
				ENABLE_STRICT_OBJC_MSGSEND = YES;
				GCC_C_LANGUAGE_STANDARD = gnu99;
				GCC_NO_COMMON_BLOCKS = YES;
				GCC_WARN_64_TO_32_BIT_CONVERSION = YES;
				GCC_WARN_ABOUT_RETURN_TYPE = YES_ERROR;
				GCC_WARN_UNDECLARED_SELECTOR = YES;
				GCC_WARN_UNINITIALIZED_AUTOS = YES_AGGRESSIVE;
				GCC_WARN_UNUSED_FUNCTION = YES;
				GCC_WARN_UNUSED_VARIABLE = YES;
				MTL_ENABLE_DEBUG_INFO = NO;
			};
			name = Release;
		};
		D691C0CA1BEBDB1500FBE1B7 /* Debug */ = {
			isa = XCBuildConfiguration;
			buildSettings = {
				COMBINE_HIDPI_IMAGES = YES;
				DEPLOYMENT_LOCATION = YES;
				DSTROOT = "$(HOME)";
				GCC_TREAT_WARNINGS_AS_ERRORS = YES;
				INFOPLIST_FILE = LightViewControllers/Info.plist;
				INSTALL_PATH = "/Library/Application Support/Developer/Shared/Xcode/Plug-ins";
				MACOSX_DEPLOYMENT_TARGET = 10.11;
				PRODUCT_BUNDLE_IDENTIFIER = org.hugotunius.LightViewControllers;
				PRODUCT_NAME = "$(TARGET_NAME)";
				WRAPPER_EXTENSION = xcplugin;
			};
			name = Debug;
		};
		D691C0CB1BEBDB1500FBE1B7 /* Release */ = {
			isa = XCBuildConfiguration;
			buildSettings = {
				COMBINE_HIDPI_IMAGES = YES;
				DEPLOYMENT_LOCATION = YES;
				DSTROOT = "$(HOME)";
				GCC_TREAT_WARNINGS_AS_ERRORS = YES;
				INFOPLIST_FILE = LightViewControllers/Info.plist;
				INSTALL_PATH = "/Library/Application Support/Developer/Shared/Xcode/Plug-ins";
				MACOSX_DEPLOYMENT_TARGET = 10.11;
				PRODUCT_BUNDLE_IDENTIFIER = org.hugotunius.LightViewControllers;
				PRODUCT_NAME = "$(TARGET_NAME)";
				WRAPPER_EXTENSION = xcplugin;
			};
			name = Release;
		};
/* End XCBuildConfiguration section */

/* Begin XCConfigurationList section */
		D691C0B01BEBDB1400FBE1B7 /* Build configuration list for PBXProject "LightViewControllers" */ = {
			isa = XCConfigurationList;
			buildConfigurations = (
				D691C0C71BEBDB1500FBE1B7 /* Debug */,
				D691C0C81BEBDB1500FBE1B7 /* Release */,
			);
			defaultConfigurationIsVisible = 0;
			defaultConfigurationName = Release;
		};
		D691C0C91BEBDB1500FBE1B7 /* Build configuration list for PBXNativeTarget "LightViewControllers" */ = {
			isa = XCConfigurationList;
			buildConfigurations = (
				D691C0CA1BEBDB1500FBE1B7 /* Debug */,
				D691C0CB1BEBDB1500FBE1B7 /* Release */,
			);
			defaultConfigurationIsVisible = 0;
		};
/* End XCConfigurationList section */
	};
	rootObject = D691C0AD1BEBDB1400FBE1B7 /* Project object */;
}
